
Microsoft Visual Studio Solution File, Format Version 12.00
# Visual Studio Version 17
VisualStudioVersion = 17.9.34902.65
MinimumVisualStudioVersion = 10.0.40219.1
Project("{9A19103F-16F7-4668-BE54-9A1E7A4F7556}") = "Entidades", "Entidades\Entidades.csproj", "{030E2B9B-24A5-4820-B418-9EC9F9EA5350}"
EndProject
Project("{9A19103F-16F7-4668-BE54-9A1E7A4F7556}") = "Servicios", "Servicios\Servicios.csproj", "{78852625-46F4-403F-917D-458A1C9C3B12}"
EndProject
Project("{FAE04EC0-301F-11D3-BF4B-00C04F79EFBC}") = "API-Matricula", "API-Matricula\API-Matricula.csproj", "{B8AEB690-F513-4F5E-A675-E8C22B526365}"
EndProject
Global
	GlobalSection(SolutionConfigurationPlatforms) = preSolution
		Debug|Any CPU = Debug|Any CPU
		Release|Any CPU = Release|Any CPU
	EndGlobalSection
	GlobalSection(ProjectConfigurationPlatforms) = postSolution
		{030E2B9B-24A5-4820-B418-9EC9F9EA5350}.Debug|Any CPU.ActiveCfg = Debug|Any CPU
		{030E2B9B-24A5-4820-B418-9EC9F9EA5350}.Debug|Any CPU.Build.0 = Debug|Any CPU
		{030E2B9B-24A5-4820-B418-9EC9F9EA5350}.Release|Any CPU.ActiveCfg = Release|Any CPU
		{030E2B9B-24A5-4820-B418-9EC9F9EA5350}.Release|Any CPU.Build.0 = Release|Any CPU
		{78852625-46F4-403F-917D-458A1C9C3B12}.Debug|Any CPU.ActiveCfg = Debug|Any CPU
		{78852625-46F4-403F-917D-458A1C9C3B12}.Debug|Any CPU.Build.0 = Debug|Any CPU
		{78852625-46F4-403F-917D-458A1C9C3B12}.Release|Any CPU.ActiveCfg = Release|Any CPU
		{78852625-46F4-403F-917D-458A1C9C3B12}.Release|Any CPU.Build.0 = Release|Any CPU
		{B8AEB690-F513-4F5E-A675-E8C22B526365}.Debug|Any CPU.ActiveCfg = Debug|Any CPU
		{B8AEB690-F513-4F5E-A675-E8C22B526365}.Debug|Any CPU.Build.0 = Debug|Any CPU
		{B8AEB690-F513-4F5E-A675-E8C22B526365}.Release|Any CPU.ActiveCfg = Release|Any CPU
		{B8AEB690-F513-4F5E-A675-E8C22B526365}.Release|Any CPU.Build.0 = Release|Any CPU
	EndGlobalSection
	GlobalSection(SolutionProperties) = preSolution
		HideSolutionNode = FALSE
	EndGlobalSection
	GlobalSection(ExtensibilityGlobals) = postSolution
		SolutionGuid = {2ED889C1-8647-4489-9841-5DED98911E69}
	EndGlobalSection
EndGlobal
